github.com/bassosimone/flagparser v0.0.0-20260824081041-6c062c926c7b h1:baBc4gv45FMV00Z4/z6cv/KqBkE7HeSZU2on6yMNCpM=
github.com/bassosimone/flagparser v0.0.0-20260824081041-6c062c926c7b/go.mod h1:bQ/oOZzJJDhR+3G9+DTM2IjbD6o6cCflJF+JEeRZd3c=
github.com/bassosimone/flagscanner v0.0.0-20260823102942-9c9efa51e541 h1:Y21XH3Ec2u2XxC9ZkKRHPrykBjFsoomfjLoqYxLEDJc=
github.com/bassosimone/flagscanner v0.0.0-20260823102942-9c9efa51e541/go.mod h1:rNk3EiWuBQknQM0tuUa5DK0g7JxcVCLaCyCmnCcDlTk=
github.com/bassosimone/iotest v0.0.0-20260824081424-e4e7fdb478a4 h1:pdbmX4owmQakdiVHzSnrZ9zFVQjZ7rq8wRlAI2iZZRM=
github.com/bassosimone/iotest v0.0.0-20260824081424-e4e7fdb478a4/go.mod h1:Vr2shb6nF7M+8HzTh4fcEV/aG2TmuEpia4AFlP3E4cc=
github.com/bassosimone/must v0.0.0-20260825074710-ce6682ec0b5f h1:26W2KFHNgz1+04N7wEX7JnIuM2briHVrSqaqyZoSOsY=
github.com/bassosimone/must v0.0.0-20260825074710-ce6682ec0b5f/go.mod h1:s3K9Q9sGbYKZjIfr66Ur+SWeji2Ul90Dp48Z/0fqSxE=
github.com/bassosimone/runtimex v0.0.0-20260823103059-603841e26ca3 h1:0SpFAHDqBT47ytiRmgKCJ6N+kTjWqUb2nNiu2/eebQM=
github.com/bassosimone/runtimex v0.0.0-20260823103059-603841e26ca3/go.mod h1:51CWZgVstdhEzW1qbZS1sZYehVdQOPGZhmXKZSjIoeI=
github.com/bassosimone/textwrap v0.0.0-20260823103449-8d700213ddc3 h1:5dMSrFEJSEX1CJg07Xmr1RDgpWloDfNdhmQTYab/O2g=
github.com/bassosimone/textwrap v0.0.0-20260823103449-8d700213ddc3/go.mod h1:SroxjmxXkIVaeta+FgkXfDe0NJQ8of3HOTevtTvLsKA=
github.com/stretchr/testify v1.12.1 h1:EuwCh5fleGS7H32xRwO3wRGT7DxrDhLAT6FF8MpWDWE=
github.com/stretchr/testify v1.12.1/go.mod h1:MDEgiDPPsNp5cuIrHPPCyornHKgEVbtFUmoNlxoYthg=
go.yaml.in/yaml/v3 v3.0.5 h1:N6y/pJk8buWs9NY5ERU2HSMfm+IuD/OtfdAnq6kESPw=
go.yaml.in/yaml/v3 v3.0.5/go.mod h1:HVTZu1O7/Vkt2N+BFy8Zza+lnLsABggaTM2ZpNIGuKg=
