github.com/bassosimone/flagparser v0.0.0-20260928111833-44e028b025f9 h1:XHK6OT7ECb5sgitfTLQlvc5f8FiWViHWAWB9Ex7urRc=
github.com/bassosimone/flagparser v0.0.0-20260928111833-44e028b025f9/go.mod h1:uFGRjEdxQbt2zVQGsTfCX4LqRS4EsuJx1L3SZNz5v5k=
github.com/bassosimone/flagscanner v0.0.0-20260928111414-ec0ac9195577 h1:tZW5UjXHN64kMmrSqHodzgcD8nKu5pDE0Tufg7fQq/4=
github.com/bassosimone/flagscanner v0.0.0-20260928111414-ec0ac9195577/go.mod h1:lsqcETgORqNfmetvXIwX+7tDV3wD1FFLa9S+RiaK7IM=
github.com/bassosimone/iotest v0.0.0-20260928112005-84b815f44bbf h1:UvOu7W3pBQHOUXiqFCMdMyYy7TLorVrilUj5177i5Gc=
github.com/bassosimone/iotest v0.0.0-20260928112005-84b815f44bbf/go.mod h1:3BXm7Z6vX3FLZ46ynUol0fKub+BqFHrGKwbGFN10AvM=
github.com/bassosimone/must v0.0.0-20260928112453-2a38e7bb20e8 h1:RsTgUXqi1mQge6As+R9JkEsqYpiZNtjpUcyPdMHhdI8=
github.com/bassosimone/must v0.0.0-20260928112453-2a38e7bb20e8/go.mod h1:KW6Z6NoQaOLq/qpj5PWYWuqBRfcByBp6qY4HOOdfFOQ=
github.com/bassosimone/runtimex v0.0.0-20260928111457-f2fe934d5065 h1:kTLEe+4NAR6bH3XZHNxegfwUKKDArQHoJCQhrFQNZOU=
github.com/bassosimone/runtimex v0.0.0-20260928111457-f2fe934d5065/go.mod h1:2aW76skIZNS7ljOpIqU3eARVLmtb0AG/Gab4aegSkTA=
github.com/bassosimone/textwrap v0.0.0-20260928111620-10df61158669 h1:utgi154TR8438lCyqL2mTpiwe6+iB3w5mCpepfXbeew=
github.com/bassosimone/textwrap v0.0.0-20260928111620-10df61158669/go.mod h1:Abw4PaN0ny+I6/HT5tZV9NwTOz2qqT9MzWWom8g6veo=
github.com/stretchr/testify v1.12.1 h1:EuwCh5fleGS7H32xRwO3wRGT7DxrDhLAT6FF8MpWDWE=
github.com/stretchr/testify v1.12.1/go.mod h1:MDEgiDPPsNp5cuIrHPPCyornHKgEVbtFUmoNlxoYthg=
go.yaml.in/yaml/v3 v3.0.5 h1:N6y/pJk8buWs9NY5ERU2HSMfm+IuD/OtfdAnq6kESPw=
go.yaml.in/yaml/v3 v3.0.5/go.mod h1:HVTZu1O7/Vkt2N+BFy8Zza+lnLsABggaTM2ZpNIGuKg=
