github.com/bassosimone/flagparser v0.0.0-20260920134238-622c743feb8a h1:AqZJZVx0l+lHavlc1q9PSQwBEfNxe5xrEO/byoakUe4=
github.com/bassosimone/flagparser v0.0.0-20260920134238-622c743feb8a/go.mod h1:Fp3fyxLL8g7EAAyGGJB0l4YNqtjxHndY9o1UlshQkw8=
github.com/bassosimone/flagscanner v0.0.0-20260920130738-11546ab7262e h1:Cu71yufbleTyQisJ1Vlowkmr4kHjA8b1NYnQt3S8tGc=
github.com/bassosimone/flagscanner v0.0.0-20260920130738-11546ab7262e/go.mod h1:lsqcETgORqNfmetvXIwX+7tDV3wD1FFLa9S+RiaK7IM=
github.com/bassosimone/iotest v0.0.0-20260920134413-5155dd099827 h1:Jk+UUSMdbgjRHZHHB4h4UXrqdVOfUNzDaEc7rw2ur80=
github.com/bassosimone/iotest v0.0.0-20260920134413-5155dd099827/go.mod h1:CERRRPxqg1oN8JvnTgPgv2AVVhhkJadxfdTU4oqMvpc=
github.com/bassosimone/must v0.0.0-20260920134909-0e0911cde875 h1:dX1sMVWBKd63XWfdg5TDEI7O2WD3mr4Hxe1exwrccYU=
github.com/bassosimone/must v0.0.0-20260920134909-0e0911cde875/go.mod h1:zgUwAU6aAhbSagmP/qUgmu9L+fuBjzQjSSk7Izcz5z4=
github.com/bassosimone/runtimex v0.0.0-20260920130843-b72080259a60 h1:1bLVzSLp4k8NCkLkHYE/TLRf58gSBV/Py4pNXJDAhGs=
github.com/bassosimone/runtimex v0.0.0-20260920130843-b72080259a60/go.mod h1:2aW76skIZNS7ljOpIqU3eARVLmtb0AG/Gab4aegSkTA=
github.com/bassosimone/textwrap v0.0.0-20260920134026-7a0b23602d17 h1:LCaUCYzfTebq6IjJ1s/5qwyc0emSgYUrx/H6uf4jaW4=
github.com/bassosimone/textwrap v0.0.0-20260920134026-7a0b23602d17/go.mod h1:Abw4PaN0ny+I6/HT5tZV9NwTOz2qqT9MzWWom8g6veo=
github.com/stretchr/testify v1.12.1 h1:EuwCh5fleGS7H32xRwO3wRGT7DxrDhLAT6FF8MpWDWE=
github.com/stretchr/testify v1.12.1/go.mod h1:MDEgiDPPsNp5cuIrHPPCyornHKgEVbtFUmoNlxoYthg=
go.yaml.in/yaml/v3 v3.0.5 h1:N6y/pJk8buWs9NY5ERU2HSMfm+IuD/OtfdAnq6kESPw=
go.yaml.in/yaml/v3 v3.0.5/go.mod h1:HVTZu1O7/Vkt2N+BFy8Zza+lnLsABggaTM2ZpNIGuKg=
